
Microsoft Visual Studio Solution File, Format Version 12.00
# Visual Studio 2010
Project("{FAE04EC0-301F-11D3-BF4B-00C04F79EFBC}") = "BLocal", "BLocal\BLocal.csproj", "{446DA010-F56F-4084-B961-A116D5AAC872}"
EndProject
Project("{FAE04EC0-301F-11D3-BF4B-00C04F79EFBC}") = "BLocal.Web.Manager.MVC3", "BLocal.Web.Manager.MVC3\BLocal.Web.Manager.MVC3.csproj", "{A8446BBC-F738-48DA-A1EE-CFAA71090857}"
EndProject
Global
	GlobalSection(TestCaseManagementSettings) = postSolution
		CategoryFile = Serverside.vsmdi
	EndGlobalSection
	GlobalSection(SolutionConfigurationPlatforms) = preSolution
		Debug|Any CPU = Debug|Any CPU
		Debug|Mixed Platforms = Debug|Mixed Platforms
		Debug|x64 = Debug|x64
		Debug|x86 = Debug|x86
		Release|Any CPU = Release|Any CPU
		Release|Mixed Platforms = Release|Mixed Platforms
		Release|x64 = Release|x64
		Release|x86 = Release|x86
	EndGlobalSection
	GlobalSection(ProjectConfigurationPlatforms) = postSolution
		{446DA010-F56F-4084-B961-A116D5AAC872}.Debug|Any CPU.ActiveCfg = Debug|Any CPU
		{446DA010-F56F-4084-B961-A116D5AAC872}.Debug|Any CPU.Build.0 = Debug|Any CPU
		{446DA010-F56F-4084-B961-A116D5AAC872}.Debug|Mixed Platforms.ActiveCfg = Debug|Any CPU
		{446DA010-F56F-4084-B961-A116D5AAC872}.Debug|Mixed Platforms.Build.0 = Debug|Any CPU
		{446DA010-F56F-4084-B961-A116D5AAC872}.Debug|x64.ActiveCfg = Debug|Any CPU
		{446DA010-F56F-4084-B961-A116D5AAC872}.Debug|x86.ActiveCfg = Debug|Any CPU
		{446DA010-F56F-4084-B961-A116D5AAC872}.Release|Any CPU.ActiveCfg = Release|Any CPU
		{446DA010-F56F-4084-B961-A116D5AAC872}.Release|Any CPU.Build.0 = Release|Any CPU
		{446DA010-F56F-4084-B961-A116D5AAC872}.Release|Mixed Platforms.ActiveCfg = Release|Any CPU
		{446DA010-F56F-4084-B961-A116D5AAC872}.Release|Mixed Platforms.Build.0 = Release|Any CPU
		{446DA010-F56F-4084-B961-A116D5AAC872}.Release|x64.ActiveCfg = Release|Any CPU
		{446DA010-F56F-4084-B961-A116D5AAC872}.Release|x86.ActiveCfg = Release|Any CPU
		{A8446BBC-F738-48DA-A1EE-CFAA71090857}.Debug|Any CPU.ActiveCfg = Debug|Any CPU
		{A8446BBC-F738-48DA-A1EE-CFAA71090857}.Debug|Any CPU.Build.0 = Debug|Any CPU
		{A8446BBC-F738-48DA-A1EE-CFAA71090857}.Debug|Mixed Platforms.ActiveCfg = Debug|Any CPU
		{A8446BBC-F738-48DA-A1EE-CFAA71090857}.Debug|Mixed Platforms.Build.0 = Debug|Any CPU
		{A8446BBC-F738-48DA-A1EE-CFAA71090857}.Debug|x64.ActiveCfg = Debug|Any CPU
		{A8446BBC-F738-48DA-A1EE-CFAA71090857}.Debug|x86.ActiveCfg = Debug|Any CPU
		{A8446BBC-F738-48DA-A1EE-CFAA71090857}.Release|Any CPU.ActiveCfg = Release|Any CPU
		{A8446BBC-F738-48DA-A1EE-CFAA71090857}.Release|Any CPU.Build.0 = Release|Any CPU
		{A8446BBC-F738-48DA-A1EE-CFAA71090857}.Release|Mixed Platforms.ActiveCfg = Release|Any CPU
		{A8446BBC-F738-48DA-A1EE-CFAA71090857}.Release|Mixed Platforms.Build.0 = Release|Any CPU
		{A8446BBC-F738-48DA-A1EE-CFAA71090857}.Release|x64.ActiveCfg = Release|Any CPU
		{A8446BBC-F738-48DA-A1EE-CFAA71090857}.Release|x86.ActiveCfg = Release|Any CPU
	EndGlobalSection
	GlobalSection(SolutionProperties) = preSolution
		HideSolutionNode = FALSE
	EndGlobalSection
EndGlobal
